
Microsoft Visual Studio Solution File, Format Version 12.00
# Visual Studio Version 17
VisualStudioVersion = 17.4.33205.214
MinimumVisualStudioVersion = 10.0.40219.1
Project("{FAE04EC0-301F-11D3-BF4B-00C04F79EFBC}") = "AdoptInsect", "AdoptInsect\AdoptInsect.csproj", "{D5F5E9C0-3328-4C12-8A6F-B91D82F2DD7E}"
EndProject
Global
	GlobalSection(SolutionConfigurationPlatforms) = preSolution
		Debug|Any CPU = Debug|Any CPU
		Release|Any CPU = Release|Any CPU
	EndGlobalSection
	GlobalSection(ProjectConfigurationPlatforms) = postSolution
		{D5F5E9C0-3328-4C12-8A6F-B91D82F2DD7E}.Debug|Any CPU.ActiveCfg = Debug|Any CPU
		{D5F5E9C0-3328-4C12-8A6F-B91D82F2DD7E}.Debug|Any CPU.Build.0 = Debug|Any CPU
		{D5F5E9C0-3328-4C12-8A6F-B91D82F2DD7E}.Release|Any CPU.ActiveCfg = Release|Any CPU
		{D5F5E9C0-3328-4C12-8A6F-B91D82F2DD7E}.Release|Any CPU.Build.0 = Release|Any CPU
	EndGlobalSection
	GlobalSection(SolutionProperties) = preSolution
		HideSolutionNode = FALSE
	EndGlobalSection
	GlobalSection(ExtensibilityGlobals) = postSolution
		SolutionGuid = {75FBDA3B-F485-4493-A138-1479C3A2ABCE}
	EndGlobalSection
EndGlobal
